{
  "name": "jq-form",
  "lockfileVersion": 3,
  "requires": true,
  "packages": {
    "": {
      "dependencies": {
        "jqwidgets-framework": "^19.2.0"
      }
    },
    "node_modules/jqwidgets-framework": {
      "version": "19.2.0",
      "resolved": "https://registry.npmjs.org/jqwidgets-framework/-/jqwidgets-framework-19.2.0.tgz",
      "integrity": "sha512-oYSN9kHERuzbi447/mr0GFAgfzhQYabUAwvlUmTwVo+2lrDswJhl+lNLcTQqRyxtQPtfNjkgBiT7SCdYPFlLGg=="
    }
  }
}
